
Microsoft Visual Studio Solution File, Format Version 12.00
# Visual Studio Version 16
VisualStudioVersion = 16.0.30804.86
MinimumVisualStudioVersion = 10.0.40219.1
Project("{888888A0-9F3D-457C-B088-3A5042F75D52}") = "ApacheSpark", "ApacheSpark\ApacheSpark.pyproj", "{592AC55D-D154-4F7B-A79C-CE0A39849CE2}"
EndProject
Global
	GlobalSection(SolutionConfigurationPlatforms) = preSolution
		Debug|Any CPU = Debug|Any CPU
		Release|Any CPU = Release|Any CPU
	EndGlobalSection
	GlobalSection(ProjectConfigurationPlatforms) = postSolution
		{592AC55D-D154-4F7B-A79C-CE0A39849CE2}.Debug|Any CPU.ActiveCfg = Debug|Any CPU
		{592AC55D-D154-4F7B-A79C-CE0A39849CE2}.Release|Any CPU.ActiveCfg = Release|Any CPU
	EndGlobalSection
	GlobalSection(SolutionProperties) = preSolution
		HideSolutionNode = FALSE
	EndGlobalSection
	GlobalSection(ExtensibilityGlobals) = postSolution
		SolutionGuid = {C8FFDB63-9AA6-4C21-B7D2-7292D0B6C126}
	EndGlobalSection
EndGlobal
